<?xml version="1.0" encoding="utf-8"?>
<Project ToolsVersion="4.0" xmlns="http://schemas.microsoft.com/developer/msbuild/2003">
  <ItemGroup>
    <Filter Include="Source Files">
      <UniqueIdentifier>{4FC737F1-C7A5-4376-A066-2A32D752A2FF}</UniqueIdentifier>
      <Extensions>cpp;c;cc;cxx;def;odl;idl;hpj;bat;asm;asmx</Extensions>
    </Filter>
    <Filter Include="Header Files">
      <UniqueIdentifier>{93995380-89BD-4b04-88EB-625FBE52EBFB}</UniqueIdentifier>
      <Extensions>h;hh;hpp;hxx;hm;inl;inc;ipp;xsd</Extensions>
    </Filter>
    <Filter Include="Resource Files">
      <UniqueIdentifier>{67DA6AB6-F800-4c08-8B7A-83BB121AAD01}</UniqueIdentifier>
      <Extensions>rc;ico;cur;bmp;dlg;rc2;rct;bin;rgs;gif;jpg;jpeg;jpe;resx;tiff;tif;png;wav;mfcribbon-ms</Extensions>
    </Filter>
  </ItemGroup>
  <ItemGroup>
    <ClCompile Include="NGin\UI\Button.cpp">
      <Filter>Source Files</Filter>
    </ClCompile>
    <ClCompile Include="NGin\UI\Cursor.cpp">
      <Filter>Source Files</Filter>
    </ClCompile>
    <ClCompile Include="NGin\UI\Dropdown.cpp">
      <Filter>Source Files</Filter>
    </ClCompile>
    <ClCompile Include="NGin\UI\Slider.cpp">
      <Filter>Source Files</Filter>
    </ClCompile>
    <ClCompile Include="NGin\UI\Switch.cpp">
      <Filter>Source Files</Filter>
    </ClCompile>
    <ClCompile Include="NGin\UI\TextHolder.cpp">
      <Filter>Source Files</Filter>
    </ClCompile>
    <ClCompile Include="NGin\TextureCodex.cpp">
      <Filter>Source Files</Filter>
    </ClCompile>
    <ClCompile Include="NGin\Animation.cpp">
      <Filter>Source Files</Filter>
    </ClCompile>
  </ItemGroup>
  <ItemGroup>
    <ClInclude Include="NGin\UI\TextHolder.h">
      <Filter>Header Files</Filter>
    </ClInclude>
    <ClInclude Include="NGin\UI\Button.h">
      <Filter>Header Files</Filter>
    </ClInclude>
    <ClInclude Include="NGin\UI\Cursor.h">
      <Filter>Header Files</Filter>
    </ClInclude>
    <ClInclude Include="NGin\UI\Dropdown.h">
      <Filter>Header Files</Filter>
    </ClInclude>
    <ClInclude Include="NGin\UI\Slider.h">
      <Filter>Header Files</Filter>
    </ClInclude>
    <ClInclude Include="NGin\UI\Switch.h">
      <Filter>Header Files</Filter>
    </ClInclude>
    <ClInclude Include="NGin\UserInterface.h">
      <Filter>Header Files</Filter>
    </ClInclude>
    <ClInclude Include="NGin\TextureCodex.h">
      <Filter>Header Files</Filter>
    </ClInclude>
    <ClInclude Include="NGin\Animation.h">
      <Filter>Header Files</Filter>
    </ClInclude>
  </ItemGroup>
  <ItemGroup>
    <Image Include="assets\styles\warcraft\button.png">
      <Filter>Resource Files</Filter>
    </Image>
    <Image Include="assets\styles\warcraft\cursor.png">
      <Filter>Resource Files</Filter>
    </Image>
    <Image Include="assets\styles\warcraft\dropdown.png">
      <Filter>Resource Files</Filter>
    </Image>
    <Image Include="assets\styles\warcraft\slider.png">
      <Filter>Resource Files</Filter>
    </Image>
    <Image Include="assets\styles\warcraft\sliderbutton.png">
      <Filter>Resource Files</Filter>
    </Image>
    <Image Include="assets\styles\warcraft\switch.png">
      <Filter>Resource Files</Filter>
    </Image>
    <Image Include="assets\styles\warcraft\textholder.png">
      <Filter>Resource Files</Filter>
    </Image>
  </ItemGroup>
</Project>